// !$*UTF8*$!
{
	archiveVersion = 1;
	classes = {
	};
	objectVersion = 56;
	objects = {

/* Begin PBXBuildFile section */
		FDFA47432A17DF6E003C4E3F /* AppDelegate.swift in Sources */ = {isa = PBXBuildFile; fileRef = FDFA47422A17DF6E003C4E3F /* AppDelegate.swift */; };
		FDFA47452A17DF6E003C4E3F /* SceneDelegate.swift in Sources */ = {isa = PBXBuildFile; fileRef = FDFA47442A17DF6E003C4E3F /* SceneDelegate.swift */; };
		FDFA474C2A17DF6F003C4E3F /* Assets.xcassets in Resources */ = {isa = PBXBuildFile; fileRef = FDFA474B2A17DF6F003C4E3F /* Assets.xcassets */; };
		FDFA474F2A17DF6F003C4E3F /* LaunchScreen.storyboard in Resources */ = {isa = PBXBuildFile; fileRef = FDFA474D2A17DF6F003C4E3F /* LaunchScreen.storyboard */; };
		FDFA47572A17DFE7003C4E3F /* ManualLayout.swift in Sources */ = {isa = PBXBuildFile; fileRef = FDFA47562A17DFE7003C4E3F /* ManualLayout.swift */; };
		FDFA47592A17E314003C4E3F /* LabelFactory.swift in Sources */ = {isa = PBXBuildFile; fileRef = FDFA47582A17E314003C4E3F /* LabelFactory.swift */; };
		FDFA475B2A17E6FC003C4E3F /* SliderFactory.swift in Sources */ = {isa = PBXBuildFile; fileRef = FDFA475A2A17E6FC003C4E3F /* SliderFactory.swift */; };
		FDFA475D2A17F49E003C4E3F /* TextFieldFactory.swift in Sources */ = {isa = PBXBuildFile; fileRef = FDFA475C2A17F49E003C4E3F /* TextFieldFactory.swift */; };
		FDFA47602A17FBFA003C4E3F /* SnapKit in Frameworks */ = {isa = PBXBuildFile; productRef = FDFA475F2A17FBFA003C4E3F /* SnapKit */; };
		FDFA47622A17FC10003C4E3F /* SnapKit.swift in Sources */ = {isa = PBXBuildFile; fileRef = FDFA47612A17FC10003C4E3F /* SnapKit.swift */; };
		FDFA47642A18031E003C4E3F /* StackViewFactory.swift in Sources */ = {isa = PBXBuildFile; fileRef = FDFA47632A18031E003C4E3F /* StackViewFactory.swift */; };
		FDFA47672A18057B003C4E3F /* TinyConstraints in Frameworks */ = {isa = PBXBuildFile; productRef = FDFA47662A18057B003C4E3F /* TinyConstraints */; };
		FDFA47692A1805E9003C4E3F /* TinyConstraints.swift in Sources */ = {isa = PBXBuildFile; fileRef = FDFA47682A1805E9003C4E3F /* TinyConstraints.swift */; };
/* End PBXBuildFile section */

/* Begin PBXFileReference section */
		FDFA473F2A17DF6E003C4E3F /* Constraints.app */ = {isa = PBXFileReference; explicitFileType = wrapper.application; includeInIndex = 0; path = Constraints.app; sourceTree = BUILT_PRODUCTS_DIR; };
		FDFA47422A17DF6E003C4E3F /* AppDelegate.swift */ = {isa = PBXFileReference; lastKnownFileType = sourcecode.swift; path = AppDelegate.swift; sourceTree = "<group>"; };
		FDFA47442A17DF6E003C4E3F /* SceneDelegate.swift */ = {isa = PBXFileReference; lastKnownFileType = sourcecode.swift; path = SceneDelegate.swift; sourceTree = "<group>"; };
		FDFA474B2A17DF6F003C4E3F /* Assets.xcassets */ = {isa = PBXFileReference; lastKnownFileType = folder.assetcatalog; path = Assets.xcassets; sourceTree = "<group>"; };
		FDFA474E2A17DF6F003C4E3F /* Base */ = {isa = PBXFileReference; lastKnownFileType = file.storyboard; name = Base; path = Base.lproj/LaunchScreen.storyboard; sourceTree = "<group>"; };
		FDFA47502A17DF6F003C4E3F /* Info.plist */ = {isa = PBXFileReference; lastKnownFileType = text.plist.xml; path = Info.plist; sourceTree = "<group>"; };
		FDFA47562A17DFE7003C4E3F /* ManualLayout.swift */ = {isa = PBXFileReference; lastKnownFileType = sourcecode.swift; path = ManualLayout.swift; sourceTree = "<group>"; };
		FDFA47582A17E314003C4E3F /* LabelFactory.swift */ = {isa = PBXFileReference; lastKnownFileType = sourcecode.swift; path = LabelFactory.swift; sourceTree = "<group>"; };
		FDFA475A2A17E6FC003C4E3F /* SliderFactory.swift */ = {isa = PBXFileReference; lastKnownFileType = sourcecode.swift; path = SliderFactory.swift; sourceTree = "<group>"; };
		FDFA475C2A17F49E003C4E3F /* TextFieldFactory.swift */ = {isa = PBXFileReference; lastKnownFileType = sourcecode.swift; path = TextFieldFactory.swift; sourceTree = "<group>"; };
		FDFA47612A17FC10003C4E3F /* SnapKit.swift */ = {isa = PBXFileReference; lastKnownFileType = sourcecode.swift; path = SnapKit.swift; sourceTree = "<group>"; };
		FDFA47632A18031E003C4E3F /* StackViewFactory.swift */ = {isa = PBXFileReference; lastKnownFileType = sourcecode.swift; path = StackViewFactory.swift; sourceTree = "<group>"; };
		FDFA47682A1805E9003C4E3F /* TinyConstraints.swift */ = {isa = PBXFileReference; lastKnownFileType = sourcecode.swift; path = TinyConstraints.swift; sourceTree = "<group>"; };
/* End PBXFileReference section */

/* Begin PBXFrameworksBuildPhase section */
		FDFA473C2A17DF6E003C4E3F /* Frameworks */ = {
			isa = PBXFrameworksBuildPhase;
			buildActionMask = 2147483647;
			files = (
				FDFA47602A17FBFA003C4E3F /* SnapKit in Frameworks */,
				FDFA47672A18057B003C4E3F /* TinyConstraints in Frameworks */,
			);
			runOnlyForDeploymentPostprocessing = 0;
		};
/* End PBXFrameworksBuildPhase section */

/* Begin PBXGroup section */
		FDFA47362A17DF6E003C4E3F = {
			isa = PBXGroup;
			children = (
				FDFA47412A17DF6E003C4E3F /* Constraints */,
				FDFA47402A17DF6E003C4E3F /* Products */,
			);
			sourceTree = "<group>";
		};
		FDFA47402A17DF6E003C4E3F /* Products */ = {
			isa = PBXGroup;
			children = (
				FDFA473F2A17DF6E003C4E3F /* Constraints.app */,
			);
			name = Products;
			sourceTree = "<group>";
		};
		FDFA47412A17DF6E003C4E3F /* Constraints */ = {
			isa = PBXGroup;
			children = (
				FDFA476B2A180765003C4E3F /* ViewControllers */,
				FDFA476A2A18070C003C4E3F /* Fabrica */,
				FDFA476D2A1807C8003C4E3F /* Storyboards */,
				FDFA476C2A18078B003C4E3F /* App */,
				FDFA476E2A1807D5003C4E3F /* Resources */,
			);
			path = Constraints;
			sourceTree = "<group>";
		};
		FDFA476A2A18070C003C4E3F /* Fabrica */ = {
			isa = PBXGroup;
			children = (
				FDFA47632A18031E003C4E3F /* StackViewFactory.swift */,
				FDFA47582A17E314003C4E3F /* LabelFactory.swift */,
				FDFA475A2A17E6FC003C4E3F /* SliderFactory.swift */,
				FDFA475C2A17F49E003C4E3F /* TextFieldFactory.swift */,
			);
			path = Fabrica;
			sourceTree = "<group>";
		};
		FDFA476B2A180765003C4E3F /* ViewControllers */ = {
			isa = PBXGroup;
			children = (
				FDFA47562A17DFE7003C4E3F /* ManualLayout.swift */,
				FDFA47682A1805E9003C4E3F /* TinyConstraints.swift */,
				FDFA47612A17FC10003C4E3F /* SnapKit.swift */,
			);
			path = ViewControllers;
			sourceTree = "<group>";
		};
		FDFA476C2A18078B003C4E3F /* App */ = {
			isa = PBXGroup;
			children = (
				FDFA47422A17DF6E003C4E3F /* AppDelegate.swift */,
				FDFA47442A17DF6E003C4E3F /* SceneDelegate.swift */,
				FDFA47502A17DF6F003C4E3F /* Info.plist */,
			);
			path = App;
			sourceTree = "<group>";
		};
		FDFA476D2A1807C8003C4E3F /* Storyboards */ = {
			isa = PBXGroup;
			children = (
				FDFA474D2A17DF6F003C4E3F /* LaunchScreen.storyboard */,
			);
			path = Storyboards;
			sourceTree = "<group>";
		};
		FDFA476E2A1807D5003C4E3F /* Resources */ = {
			isa = PBXGroup;
			children = (
				FDFA474B2A17DF6F003C4E3F /* Assets.xcassets */,
			);
			path = Resources;
			sourceTree = "<group>";
		};
/* End PBXGroup section */

/* Begin PBXNativeTarget section */
		FDFA473E2A17DF6E003C4E3F /* Constraints */ = {
			isa = PBXNativeTarget;
			buildConfigurationList = FDFA47532A17DF6F003C4E3F /* Build configuration list for PBXNativeTarget "Constraints" */;
			buildPhases = (
				FDFA473B2A17DF6E003C4E3F /* Sources */,
				FDFA473C2A17DF6E003C4E3F /* Frameworks */,
				FDFA473D2A17DF6E003C4E3F /* Resources */,
			);
			buildRules = (
			);
			dependencies = (
			);
			name = Constraints;
			packageProductDependencies = (
				FDFA475F2A17FBFA003C4E3F /* SnapKit */,
				FDFA47662A18057B003C4E3F /* TinyConstraints */,
			);
			productName = Constraints;
			productReference = FDFA473F2A17DF6E003C4E3F /* Constraints.app */;
			productType = "com.apple.product-type.application";
		};
/* End PBXNativeTarget section */

/* Begin PBXProject section */
		FDFA47372A17DF6E003C4E3F /* Project object */ = {
			isa = PBXProject;
			attributes = {
				BuildIndependentTargetsInParallel = 1;
				LastSwiftUpdateCheck = 1430;
				LastUpgradeCheck = 1430;
				TargetAttributes = {
					FDFA473E2A17DF6E003C4E3F = {
						CreatedOnToolsVersion = 14.3;
					};
				};
			};
			buildConfigurationList = FDFA473A2A17DF6E003C4E3F /* Build configuration list for PBXProject "Constraints" */;
			compatibilityVersion = "Xcode 14.0";
			developmentRegion = en;
			hasScannedForEncodings = 0;
			knownRegions = (
				en,
				Base,
			);
			mainGroup = FDFA47362A17DF6E003C4E3F;
			packageReferences = (
				FDFA475E2A17FBF9003C4E3F /* XCRemoteSwiftPackageReference "SnapKit" */,
				FDFA47652A18057B003C4E3F /* XCRemoteSwiftPackageReference "TinyConstraints" */,
			);
			productRefGroup = FDFA47402A17DF6E003C4E3F /* Products */;
			projectDirPath = "";
			projectRoot = "";
			targets = (
				FDFA473E2A17DF6E003C4E3F /* Constraints */,
			);
		};
/* End PBXProject section */

/* Begin PBXResourcesBuildPhase section */
		FDFA473D2A17DF6E003C4E3F /* Resources */ = {
			isa = PBXResourcesBuildPhase;
			buildActionMask = 2147483647;
			files = (
				FDFA474F2A17DF6F003C4E3F /* LaunchScreen.storyboard in Resources */,
				FDFA474C2A17DF6F003C4E3F /* Assets.xcassets in Resources */,
			);
			runOnlyForDeploymentPostprocessing = 0;
		};
/* End PBXResourcesBuildPhase section */

/* Begin PBXSourcesBuildPhase section */
		FDFA473B2A17DF6E003C4E3F /* Sources */ = {
			isa = PBXSourcesBuildPhase;
			buildActionMask = 2147483647;
			files = (
				FDFA47432A17DF6E003C4E3F /* AppDelegate.swift in Sources */,
				FDFA47592A17E314003C4E3F /* LabelFactory.swift in Sources */,
				FDFA47642A18031E003C4E3F /* StackViewFactory.swift in Sources */,
				FDFA475B2A17E6FC003C4E3F /* SliderFactory.swift in Sources */,
				FDFA47452A17DF6E003C4E3F /* SceneDelegate.swift in Sources */,
				FDFA475D2A17F49E003C4E3F /* TextFieldFactory.swift in Sources */,
				FDFA47692A1805E9003C4E3F /* TinyConstraints.swift in Sources */,
				FDFA47572A17DFE7003C4E3F /* ManualLayout.swift in Sources */,
				FDFA47622A17FC10003C4E3F /* SnapKit.swift in Sources */,
			);
			runOnlyForDeploymentPostprocessing = 0;
		};
/* End PBXSourcesBuildPhase section */

/* Begin PBXVariantGroup section */
		FDFA474D2A17DF6F003C4E3F /* LaunchScreen.storyboard */ = {
			isa = PBXVariantGroup;
			children = (
				FDFA474E2A17DF6F003C4E3F /* Base */,
			);
			name = LaunchScreen.storyboard;
			sourceTree = "<group>";
		};
/* End PBXVariantGroup section */

/* Begin XCBuildConfiguration section */
		FDFA47512A17DF6F003C4E3F /* Debug */ = {
			isa = XCBuildConfiguration;
			buildSettings = {
				ALWAYS_SEARCH_USER_PATHS = NO;
				CLANG_ANALYZER_NONNULL = YES;
				CLANG_ANALYZER_NUMBER_OBJECT_CONVERSION = YES_AGGRESSIVE;
				CLANG_CXX_LANGUAGE_STANDARD = "gnu++20";
				CLANG_ENABLE_MODULES = YES;
				CLANG_ENABLE_OBJC_ARC = YES;
				CLANG_ENABLE_OBJC_WEAK = YES;
				CLANG_WARN_BLOCK_CAPTURE_AUTORELEASING = YES;
				CLANG_WARN_BOOL_CONVERSION = YES;
				CLANG_WARN_COMMA = YES;
				CLANG_WARN_CONSTANT_CONVERSION = YES;
				CLANG_WARN_DEPRECATED_OBJC_IMPLEMENTATIONS = YES;
				CLANG_WARN_DIRECT_OBJC_ISA_USAGE = YES_ERROR;
				CLANG_WARN_DOCUMENTATION_COMMENTS = YES;
				CLANG_WARN_EMPTY_BODY = YES;
				CLANG_WARN_ENUM_CONVERSION = YES;
				CLANG_WARN_INFINITE_RECURSION = YES;
				CLANG_WARN_INT_CONVERSION = YES;
				CLANG_WARN_NON_LITERAL_NULL_CONVERSION = YES;
				CLANG_WARN_OBJC_IMPLICIT_RETAIN_SELF = YES;
				CLANG_WARN_OBJC_LITERAL_CONVERSION = YES;
				CLANG_WARN_OBJC_ROOT_CLASS = YES_ERROR;
				CLANG_WARN_QUOTED_INCLUDE_IN_FRAMEWORK_HEADER = YES;
				CLANG_WARN_RANGE_LOOP_ANALYSIS = YES;
				CLANG_WARN_STRICT_PROTOTYPES = YES;
				CLANG_WARN_SUSPICIOUS_MOVE = YES;
				CLANG_WARN_UNGUARDED_AVAILABILITY = YES_AGGRESSIVE;
				CLANG_WARN_UNREACHABLE_CODE = YES;
				CLANG_WARN__DUPLICATE_METHOD_MATCH = YES;
				COPY_PHASE_STRIP = NO;
				DEBUG_INFORMATION_FORMAT = dwarf;
				ENABLE_STRICT_OBJC_MSGSEND = YES;
				ENABLE_TESTABILITY = YES;
				GCC_C_LANGUAGE_STANDARD = gnu11;
				GCC_DYNAMIC_NO_PIC = NO;
				GCC_NO_COMMON_BLOCKS = YES;
				GCC_OPTIMIZATION_LEVEL = 0;
				GCC_PREPROCESSOR_DEFINITIONS = (
					"DEBUG=1",
					"$(inherited)",
				);
				GCC_WARN_64_TO_32_BIT_CONVERSION = YES;
				GCC_WARN_ABOUT_RETURN_TYPE = YES_ERROR;
				GCC_WARN_UNDECLARED_SELECTOR = YES;
				GCC_WARN_UNINITIALIZED_AUTOS = YES_AGGRESSIVE;
				GCC_WARN_UNUSED_FUNCTION = YES;
				GCC_WARN_UNUSED_VARIABLE = YES;
				IPHONEOS_DEPLOYMENT_TARGET = 16.4;
				MTL_ENABLE_DEBUG_INFO = INCLUDE_SOURCE;
				MTL_FAST_MATH = YES;
				ONLY_ACTIVE_ARCH = YES;
				SDKROOT = iphoneos;
				SWIFT_ACTIVE_COMPILATION_CONDITIONS = DEBUG;
				SWIFT_OPTIMIZATION_LEVEL = "-Onone";
			};
			name = Debug;
		};
		FDFA47522A17DF6F003C4E3F /* Release */ = {
			isa = XCBuildConfiguration;
			buildSettings = {
				ALWAYS_SEARCH_USER_PATHS = NO;
				CLANG_ANALYZER_NONNULL = YES;
				CLANG_ANALYZER_NUMBER_OBJECT_CONVERSION = YES_AGGRESSIVE;
				CLANG_CXX_LANGUAGE_STANDARD = "gnu++20";
				CLANG_ENABLE_MODULES = YES;
				CLANG_ENABLE_OBJC_ARC = YES;
				CLANG_ENABLE_OBJC_WEAK = YES;
				CLANG_WARN_BLOCK_CAPTURE_AUTORELEASING = YES;
				CLANG_WARN_BOOL_CONVERSION = YES;
				CLANG_WARN_COMMA = YES;
				CLANG_WARN_CONSTANT_CONVERSION = YES;
				CLANG_WARN_DEPRECATED_OBJC_IMPLEMENTATIONS = YES;
				CLANG_WARN_DIRECT_OBJC_ISA_USAGE = YES_ERROR;
				CLANG_WARN_DOCUMENTATION_COMMENTS = YES;
				CLANG_WARN_EMPTY_BODY = YES;
				CLANG_WARN_ENUM_CONVERSION = YES;
				CLANG_WARN_INFINITE_RECURSION = YES;
				CLANG_WARN_INT_CONVERSION = YES;
				CLANG_WARN_NON_LITERAL_NULL_CONVERSION = YES;
				CLANG_WARN_OBJC_IMPLICIT_RETAIN_SELF = YES;
				CLANG_WARN_OBJC_LITERAL_CONVERSION = YES;
				CLANG_WARN_OBJC_ROOT_CLASS = YES_ERROR;
				CLANG_WARN_QUOTED_INCLUDE_IN_FRAMEWORK_HEADER = YES;
				CLANG_WARN_RANGE_LOOP_ANALYSIS = YES;
				CLANG_WARN_STRICT_PROTOTYPES = YES;
				CLANG_WARN_SUSPICIOUS_MOVE = YES;
				CLANG_WARN_UNGUARDED_AVAILABILITY = YES_AGGRESSIVE;
				CLANG_WARN_UNREACHABLE_CODE = YES;
				CLANG_WARN__DUPLICATE_METHOD_MATCH = YES;
				COPY_PHASE_STRIP = NO;
				DEBUG_INFORMATION_FORMAT = "dwarf-with-dsym";
				ENABLE_NS_ASSERTIONS = NO;
				ENABLE_STRICT_OBJC_MSGSEND = YES;
				GCC_C_LANGUAGE_STANDARD = gnu11;
				GCC_NO_COMMON_BLOCKS = YES;
				GCC_WARN_64_TO_32_BIT_CONVERSION = YES;
				GCC_WARN_ABOUT_RETURN_TYPE = YES_ERROR;
				GCC_WARN_UNDECLARED_SELECTOR = YES;
				GCC_WARN_UNINITIALIZED_AUTOS = YES_AGGRESSIVE;
				GCC_WARN_UNUSED_FUNCTION = YES;
				GCC_WARN_UNUSED_VARIABLE = YES;
				IPHONEOS_DEPLOYMENT_TARGET = 16.4;
				MTL_ENABLE_DEBUG_INFO = NO;
				MTL_FAST_MATH = YES;
				SDKROOT = iphoneos;
				SWIFT_COMPILATION_MODE = wholemodule;
				SWIFT_OPTIMIZATION_LEVEL = "-O";
				VALIDATE_PRODUCT = YES;
			};
			name = Release;
		};
		FDFA47542A17DF6F003C4E3F /* Debug */ = {
			isa = XCBuildConfiguration;
			buildSettings = {
				ASSETCATALOG_COMPILER_APPICON_NAME = AppIcon;
				ASSETCATALOG_COMPILER_GLOBAL_ACCENT_COLOR_NAME = AccentColor;
				CODE_SIGN_STYLE = Automatic;
				CURRENT_PROJECT_VERSION = 1;
				DEVELOPMENT_TEAM = BMFF8ZNZAT;
				GENERATE_INFOPLIST_FILE = YES;
				INFOPLIST_FILE = Constraints/App/Info.plist;
				INFOPLIST_KEY_UIApplicationSupportsIndirectInputEvents = YES;
				INFOPLIST_KEY_UILaunchStoryboardName = LaunchScreen;
				INFOPLIST_KEY_UISupportedInterfaceOrientations = UIInterfaceOrientationPortrait;
				INFOPLIST_KEY_UISupportedInterfaceOrientations_iPad = "UIInterfaceOrientationLandscapeLeft UIInterfaceOrientationLandscapeRight UIInterfaceOrientationPortrait UIInterfaceOrientationPortraitUpsideDown";
				LD_RUNPATH_SEARCH_PATHS = (
					"$(inherited)",
					"@executable_path/Frameworks",
				);
				MARKETING_VERSION = 1.0;
				PRODUCT_BUNDLE_IDENTIFIER = "Kasharin-M.Constraints";
				PRODUCT_NAME = "$(TARGET_NAME)";
				SUPPORTED_PLATFORMS = "iphoneos iphonesimulator";
				SUPPORTS_MACCATALYST = NO;
				SUPPORTS_MAC_DESIGNED_FOR_IPHONE_IPAD = NO;
				SWIFT_EMIT_LOC_STRINGS = YES;
				SWIFT_VERSION = 5.0;
				TARGETED_DEVICE_FAMILY = 1;
			};
			name = Debug;
		};
		FDFA47552A17DF6F003C4E3F /* Release */ = {
			isa = XCBuildConfiguration;
			buildSettings = {
				ASSETCATALOG_COMPILER_APPICON_NAME = AppIcon;
				ASSETCATALOG_COMPILER_GLOBAL_ACCENT_COLOR_NAME = AccentColor;
				CODE_SIGN_STYLE = Automatic;
				CURRENT_PROJECT_VERSION = 1;
				DEVELOPMENT_TEAM = BMFF8ZNZAT;
				GENERATE_INFOPLIST_FILE = YES;
				INFOPLIST_FILE = Constraints/App/Info.plist;
				INFOPLIST_KEY_UIApplicationSupportsIndirectInputEvents = YES;
				INFOPLIST_KEY_UILaunchStoryboardName = LaunchScreen;
				INFOPLIST_KEY_UISupportedInterfaceOrientations = UIInterfaceOrientationPortrait;
				INFOPLIST_KEY_UISupportedInterfaceOrientations_iPad = "UIInterfaceOrientationLandscapeLeft UIInterfaceOrientationLandscapeRight UIInterfaceOrientationPortrait UIInterfaceOrientationPortraitUpsideDown";
				LD_RUNPATH_SEARCH_PATHS = (
					"$(inherited)",
					"@executable_path/Frameworks",
				);
				MARKETING_VERSION = 1.0;
				PRODUCT_BUNDLE_IDENTIFIER = "Kasharin-M.Constraints";
				PRODUCT_NAME = "$(TARGET_NAME)";
				SUPPORTED_PLATFORMS = "iphoneos iphonesimulator";
				SUPPORTS_MACCATALYST = NO;
				SUPPORTS_MAC_DESIGNED_FOR_IPHONE_IPAD = NO;
				SWIFT_EMIT_LOC_STRINGS = YES;
				SWIFT_VERSION = 5.0;
				TARGETED_DEVICE_FAMILY = 1;
			};
			name = Release;
		};
/* End XCBuildConfiguration section */

/* Begin XCConfigurationList section */
		FDFA473A2A17DF6E003C4E3F /* Build configuration list for PBXProject "Constraints" */ = {
			isa = XCConfigurationList;
			buildConfigurations = (
				FDFA47512A17DF6F003C4E3F /* Debug */,
				FDFA47522A17DF6F003C4E3F /* Release */,
			);
			defaultConfigurationIsVisible = 0;
			defaultConfigurationName = Release;
		};
		FDFA47532A17DF6F003C4E3F /* Build configuration list for PBXNativeTarget "Constraints" */ = {
			isa = XCConfigurationList;
			buildConfigurations = (
				FDFA47542A17DF6F003C4E3F /* Debug */,
				FDFA47552A17DF6F003C4E3F /* Release */,
			);
			defaultConfigurationIsVisible = 0;
			defaultConfigurationName = Release;
		};
/* End XCConfigurationList section */

/* Begin XCRemoteSwiftPackageReference section */
		FDFA475E2A17FBF9003C4E3F /* XCRemoteSwiftPackageReference "SnapKit" */ = {
			isa = XCRemoteSwiftPackageReference;
			repositoryURL = "https://github.com/SnapKit/SnapKit.git";
			requirement = {
				kind = upToNextMinorVersion;
				minimumVersion = 5.6.0;
			};
		};
		FDFA47652A18057B003C4E3F /* XCRemoteSwiftPackageReference "TinyConstraints" */ = {
			isa = XCRemoteSwiftPackageReference;
			repositoryURL = "https://github.com/roberthein/TinyConstraints.git";
			requirement = {
				kind = upToNextMajorVersion;
				minimumVersion = 4.0.0;
			};
		};
/* End XCRemoteSwiftPackageReference section */

/* Begin XCSwiftPackageProductDependency section */
		FDFA475F2A17FBFA003C4E3F /* SnapKit */ = {
			isa = XCSwiftPackageProductDependency;
			package = FDFA475E2A17FBF9003C4E3F /* XCRemoteSwiftPackageReference "SnapKit" */;
			productName = SnapKit;
		};
		FDFA47662A18057B003C4E3F /* TinyConstraints */ = {
			isa = XCSwiftPackageProductDependency;
			package = FDFA47652A18057B003C4E3F /* XCRemoteSwiftPackageReference "TinyConstraints" */;
			productName = TinyConstraints;
		};
/* End XCSwiftPackageProductDependency section */
	};
	rootObject = FDFA47372A17DF6E003C4E3F /* Project object */;
}
